{
  "name": "my-app",
  "lockfileVersion": 3,
  "packages": {
    "": {
      "name": "my-app"
    },
    "node_modules/xterm": {
      "version": "5.3.0",
      "resolved": "https://registry.npmjs.org/xterm/-/xterm-5.3.0.tgz"
    },
    "node_modules/@babel/core": {
      "version": "7.24.0"
    },
    "node_modules/inflight": {
      "version": "1.0.6"
    },
    "node_modules/a/node_modules/nested": {
      "version": "2.0.0"
    },
    "node_modules/linked": {
      "resolved": "../local",
      "link": true
    }
  }
}
